
Microsoft Visual Studio Solution File, Format Version 12.00
# Visual Studio Version 17
VisualStudioVersion = 17.9.34622.214
MinimumVisualStudioVersion = 10.0.40219.1
Project("{8BC9CEB8-8B4A-11D0-8D11-00A0C91BC942}") = "GroundControl", "GroundControl\GroundControl.vcxproj", "{BB08CD11-F383-453F-8027-0BA0F6E6B752}"
EndProject
Project("{8BC9CEB8-8B4A-11D0-8D11-00A0C91BC942}") = "Aircraft", "Aircraft\Aircraft.vcxproj", "{0058753E-E00C-42BA-B030-5EEC1277B45C}"
EndProject
Project("{8BC9CEB8-8B4A-11D0-8D11-00A0C91BC942}") = "Common", "Common\Common.vcxproj", "{4CD9E152-9793-493C-B907-1F42620DF0E1}"
EndProject
Project("{8BC9CEB8-8B4A-11D0-8D11-00A0C91BC942}") = "FlightCommunicationTransferTests", "FlightCommunicationTransferTests\FlightCommunicationTransferTests.vcxproj", "{62445CD2-6304-4F94-91A1-25A79AC035E6}"
EndProject
Global
	GlobalSection(SolutionConfigurationPlatforms) = preSolution
		Debug|x64 = Debug|x64
		Debug|x86 = Debug|x86
		Release|x64 = Release|x64
		Release|x86 = Release|x86
	EndGlobalSection
	GlobalSection(ProjectConfigurationPlatforms) = postSolution
		{BB08CD11-F383-453F-8027-0BA0F6E6B752}.Debug|x64.ActiveCfg = Debug|x64
		{BB08CD11-F383-453F-8027-0BA0F6E6B752}.Debug|x64.Build.0 = Debug|x64
		{BB08CD11-F383-453F-8027-0BA0F6E6B752}.Debug|x86.ActiveCfg = Debug|Win32
		{BB08CD11-F383-453F-8027-0BA0F6E6B752}.Debug|x86.Build.0 = Debug|Win32
		{BB08CD11-F383-453F-8027-0BA0F6E6B752}.Release|x64.ActiveCfg = Release|x64
		{BB08CD11-F383-453F-8027-0BA0F6E6B752}.Release|x64.Build.0 = Release|x64
		{BB08CD11-F383-453F-8027-0BA0F6E6B752}.Release|x86.ActiveCfg = Release|Win32
		{BB08CD11-F383-453F-8027-0BA0F6E6B752}.Release|x86.Build.0 = Release|Win32
		{0058753E-E00C-42BA-B030-5EEC1277B45C}.Debug|x64.ActiveCfg = Debug|x64
		{0058753E-E00C-42BA-B030-5EEC1277B45C}.Debug|x64.Build.0 = Debug|x64
		{0058753E-E00C-42BA-B030-5EEC1277B45C}.Debug|x86.ActiveCfg = Debug|Win32
		{0058753E-E00C-42BA-B030-5EEC1277B45C}.Debug|x86.Build.0 = Debug|Win32
		{0058753E-E00C-42BA-B030-5EEC1277B45C}.Release|x64.ActiveCfg = Release|x64
		{0058753E-E00C-42BA-B030-5EEC1277B45C}.Release|x64.Build.0 = Release|x64
		{0058753E-E00C-42BA-B030-5EEC1277B45C}.Release|x86.ActiveCfg = Release|Win32
		{0058753E-E00C-42BA-B030-5EEC1277B45C}.Release|x86.Build.0 = Release|Win32
		{4CD9E152-9793-493C-B907-1F42620DF0E1}.Debug|x64.ActiveCfg = Debug|x64
		{4CD9E152-9793-493C-B907-1F42620DF0E1}.Debug|x64.Build.0 = Debug|x64
		{4CD9E152-9793-493C-B907-1F42620DF0E1}.Debug|x86.ActiveCfg = Debug|Win32
		{4CD9E152-9793-493C-B907-1F42620DF0E1}.Debug|x86.Build.0 = Debug|Win32
		{4CD9E152-9793-493C-B907-1F42620DF0E1}.Release|x64.ActiveCfg = Release|x64
		{4CD9E152-9793-493C-B907-1F42620DF0E1}.Release|x64.Build.0 = Release|x64
		{4CD9E152-9793-493C-B907-1F42620DF0E1}.Release|x86.ActiveCfg = Release|Win32
		{4CD9E152-9793-493C-B907-1F42620DF0E1}.Release|x86.Build.0 = Release|Win32
		{62445CD2-6304-4F94-91A1-25A79AC035E6}.Debug|x64.ActiveCfg = Debug|x64
		{62445CD2-6304-4F94-91A1-25A79AC035E6}.Debug|x64.Build.0 = Debug|x64
		{62445CD2-6304-4F94-91A1-25A79AC035E6}.Debug|x86.ActiveCfg = Debug|Win32
		{62445CD2-6304-4F94-91A1-25A79AC035E6}.Debug|x86.Build.0 = Debug|Win32
		{62445CD2-6304-4F94-91A1-25A79AC035E6}.Release|x64.ActiveCfg = Release|x64
		{62445CD2-6304-4F94-91A1-25A79AC035E6}.Release|x64.Build.0 = Release|x64
		{62445CD2-6304-4F94-91A1-25A79AC035E6}.Release|x86.ActiveCfg = Release|Win32
		{62445CD2-6304-4F94-91A1-25A79AC035E6}.Release|x86.Build.0 = Release|Win32
	EndGlobalSection
	GlobalSection(SolutionProperties) = preSolution
		HideSolutionNode = FALSE
	EndGlobalSection
	GlobalSection(ExtensibilityGlobals) = postSolution
		SolutionGuid = {78D2DE75-B03A-42D8-8525-B6C02FB1C7ED}
	EndGlobalSection
EndGlobal
